
Microsoft Visual Studio Solution File, Format Version 12.00
# Visual Studio Version 17
VisualStudioVersion = 17.8.34330.188
MinimumVisualStudioVersion = 10.0.40219.1
Project("{9A19103F-16F7-4668-BE54-9A1E7A4F7556}") = "introApiWeb", "introApiWeb\introApiWeb.csproj", "{F9C91E66-1DED-4B67-8801-3692B7476F59}"
EndProject
Project("{2150E333-8FDC-42A3-9474-1A3956D46DE8}") = "Tests", "Tests", "{12C4C458-0E62-402D-952C-6A0DE095728A}"
EndProject
Project("{FAE04EC0-301F-11D3-BF4B-00C04F79EFBC}") = "introApiWeb.Application.Tests", "introApiWeb.Application.Tests\introApiWeb.Application.Tests.csproj", "{463FBAFC-3388-420C-8134-73A736438457}"
EndProject
Global
	GlobalSection(SolutionConfigurationPlatforms) = preSolution
		Debug|Any CPU = Debug|Any CPU
		Release|Any CPU = Release|Any CPU
	EndGlobalSection
	GlobalSection(ProjectConfigurationPlatforms) = postSolution
		{F9C91E66-1DED-4B67-8801-3692B7476F59}.Debug|Any CPU.ActiveCfg = Debug|Any CPU
		{F9C91E66-1DED-4B67-8801-3692B7476F59}.Debug|Any CPU.Build.0 = Debug|Any CPU
		{F9C91E66-1DED-4B67-8801-3692B7476F59}.Release|Any CPU.ActiveCfg = Release|Any CPU
		{F9C91E66-1DED-4B67-8801-3692B7476F59}.Release|Any CPU.Build.0 = Release|Any CPU
		{463FBAFC-3388-420C-8134-73A736438457}.Debug|Any CPU.ActiveCfg = Debug|Any CPU
		{463FBAFC-3388-420C-8134-73A736438457}.Debug|Any CPU.Build.0 = Debug|Any CPU
		{463FBAFC-3388-420C-8134-73A736438457}.Release|Any CPU.ActiveCfg = Release|Any CPU
		{463FBAFC-3388-420C-8134-73A736438457}.Release|Any CPU.Build.0 = Release|Any CPU
	EndGlobalSection
	GlobalSection(SolutionProperties) = preSolution
		HideSolutionNode = FALSE
	EndGlobalSection
	GlobalSection(NestedProjects) = preSolution
		{463FBAFC-3388-420C-8134-73A736438457} = {12C4C458-0E62-402D-952C-6A0DE095728A}
	EndGlobalSection
	GlobalSection(ExtensibilityGlobals) = postSolution
		SolutionGuid = {3628364F-6C68-407E-9A99-19769FDA3E0C}
	EndGlobalSection
EndGlobal
